
Microsoft Visual Studio Solution File, Format Version 12.00
# Visual Studio 15
VisualStudioVersion = 15.0.26430.13
MinimumVisualStudioVersion = 10.0.40219.1
Project("{9A19103F-16F7-4668-BE54-9A1E7A4F7556}") = "WebApplication1", "WebApplication1\WebApplication1.csproj", "{348FA371-0A64-450E-95D8-A9544B21E3EA}"
EndProject
Project("{E53339B2-1760-4266-BCC7-CA923CBCF16C}") = "docker-compose", "docker-compose.dcproj", "{DF9D0F08-8E20-4240-87A0-C542A525F086}"
EndProject
Project("{FAE04EC0-301F-11D3-BF4B-00C04F79EFBC}") = "WebApplication2", "WebApplication2\WebApplication2.csproj", "{7B047AE1-7DD1-4108-B051-E551DBF5F1DE}"
EndProject
Global
	GlobalSection(SolutionConfigurationPlatforms) = preSolution
		Debug|Any CPU = Debug|Any CPU
		Release|Any CPU = Release|Any CPU
	EndGlobalSection
	GlobalSection(ProjectConfigurationPlatforms) = postSolution
		{348FA371-0A64-450E-95D8-A9544B21E3EA}.Debug|Any CPU.ActiveCfg = Debug|Any CPU
		{348FA371-0A64-450E-95D8-A9544B21E3EA}.Debug|Any CPU.Build.0 = Debug|Any CPU
		{348FA371-0A64-450E-95D8-A9544B21E3EA}.Release|Any CPU.ActiveCfg = Release|Any CPU
		{348FA371-0A64-450E-95D8-A9544B21E3EA}.Release|Any CPU.Build.0 = Release|Any CPU
		{DF9D0F08-8E20-4240-87A0-C542A525F086}.Debug|Any CPU.ActiveCfg = Debug|Any CPU
		{DF9D0F08-8E20-4240-87A0-C542A525F086}.Debug|Any CPU.Build.0 = Debug|Any CPU
		{DF9D0F08-8E20-4240-87A0-C542A525F086}.Release|Any CPU.ActiveCfg = Release|Any CPU
		{DF9D0F08-8E20-4240-87A0-C542A525F086}.Release|Any CPU.Build.0 = Release|Any CPU
		{7B047AE1-7DD1-4108-B051-E551DBF5F1DE}.Debug|Any CPU.ActiveCfg = Debug|Any CPU
		{7B047AE1-7DD1-4108-B051-E551DBF5F1DE}.Debug|Any CPU.Build.0 = Debug|Any CPU
		{7B047AE1-7DD1-4108-B051-E551DBF5F1DE}.Release|Any CPU.ActiveCfg = Release|Any CPU
		{7B047AE1-7DD1-4108-B051-E551DBF5F1DE}.Release|Any CPU.Build.0 = Release|Any CPU
	EndGlobalSection
	GlobalSection(SolutionProperties) = preSolution
		HideSolutionNode = FALSE
	EndGlobalSection
EndGlobal
