
Microsoft Visual Studio Solution File, Format Version 12.00
# Visual Studio 15
VisualStudioVersion = 15.0.27004.2006
MinimumVisualStudioVersion = 10.0.40219.1
Project("{9A19103F-16F7-4668-BE54-9A1E7A4F7556}") = "WebApplication1", "WebApplication1\WebApplication1.csproj", "{348FA371-0A64-450E-95D8-A9544B21E3EA}"
EndProject
Project("{9A19103F-16F7-4668-BE54-9A1E7A4F7556}") = "WebApplication2", "WebApplication2\WebApplication2.csproj", "{7B047AE1-7DD1-4108-B051-E551DBF5F1DE}"
EndProject
Global
	GlobalSection(SolutionConfigurationPlatforms) = preSolution
		Debug|Any CPU = Debug|Any CPU
		Release|Any CPU = Release|Any CPU
	EndGlobalSection
	GlobalSection(ProjectConfigurationPlatforms) = postSolution
		{348FA371-0A64-450E-95D8-A9544B21E3EA}.Debug|Any CPU.ActiveCfg = Debug|Any CPU
		{348FA371-0A64-450E-95D8-A9544B21E3EA}.Debug|Any CPU.Build.0 = Debug|Any CPU
		{348FA371-0A64-450E-95D8-A9544B21E3EA}.Release|Any CPU.ActiveCfg = Release|Any CPU
		{348FA371-0A64-450E-95D8-A9544B21E3EA}.Release|Any CPU.Build.0 = Release|Any CPU
		{7B047AE1-7DD1-4108-B051-E551DBF5F1DE}.Debug|Any CPU.ActiveCfg = Debug|Any CPU
		{7B047AE1-7DD1-4108-B051-E551DBF5F1DE}.Debug|Any CPU.Build.0 = Debug|Any CPU
		{7B047AE1-7DD1-4108-B051-E551DBF5F1DE}.Release|Any CPU.ActiveCfg = Release|Any CPU
		{7B047AE1-7DD1-4108-B051-E551DBF5F1DE}.Release|Any CPU.Build.0 = Release|Any CPU
	EndGlobalSection
	GlobalSection(SolutionProperties) = preSolution
		HideSolutionNode = FALSE
	EndGlobalSection
	GlobalSection(ExtensibilityGlobals) = postSolution
		SolutionGuid = {F26AE8DF-2C4C-4B23-AED1-24653D305144}
	EndGlobalSection
EndGlobal
